
Microsoft Visual Studio Solution File, Format Version 12.00
# Visual Studio Version 17
VisualStudioVersion = 17.14.36221.1 d17.14
MinimumVisualStudioVersion = 10.0.40219.1
Project("{FAE04EC0-301F-11D3-BF4B-00C04F79EFBC}") = "JwtEx", "JwtEx\JwtEx.csproj", "{6562ED8C-8D65-480B-A2F1-335BCFA685AA}"
EndProject
Global
	GlobalSection(SolutionConfigurationPlatforms) = preSolution
		Debug|Any CPU = Debug|Any CPU
		Release|Any CPU = Release|Any CPU
	EndGlobalSection
	GlobalSection(ProjectConfigurationPlatforms) = postSolution
		{6562ED8C-8D65-480B-A2F1-335BCFA685AA}.Debug|Any CPU.ActiveCfg = Debug|Any CPU
		{6562ED8C-8D65-480B-A2F1-335BCFA685AA}.Debug|Any CPU.Build.0 = Debug|Any CPU
		{6562ED8C-8D65-480B-A2F1-335BCFA685AA}.Release|Any CPU.ActiveCfg = Release|Any CPU
		{6562ED8C-8D65-480B-A2F1-335BCFA685AA}.Release|Any CPU.Build.0 = Release|Any CPU
	EndGlobalSection
	GlobalSection(SolutionProperties) = preSolution
		HideSolutionNode = FALSE
	EndGlobalSection
	GlobalSection(ExtensibilityGlobals) = postSolution
		SolutionGuid = {74ECEF97-86D8-4470-9BED-9B29227C7840}
	EndGlobalSection
EndGlobal
